
Microsoft Visual Studio Solution File, Format Version 12.00
Project("{2150E333-8FDC-42A3-9474-1A3956D46DE8}") = "src", "src", "{E624EA2E-FA5C-402D-BAF8-41A97F3C5653}"
EndProject
Project("{2150E333-8FDC-42A3-9474-1A3956D46DE8}") = "client", "client", "{E6F9BF81-6134-4001-9AF3-55B4451C15F7}"
EndProject
Project("{2150E333-8FDC-42A3-9474-1A3956D46DE8}") = "tests", "tests", "{CAC367BC-CF80-46E1-892C-34516F6B301F}"
EndProject
Project("{FAE04EC0-301F-11D3-BF4B-00C04F79EFBC}") = "CloudLabs.ASVAL.Finance.Currency.Feed", "src\CloudLabs.ASVAL.Finance.Currency.Feed\CloudLabs.ASVAL.Finance.Currency.Feed.csproj", "{78438A9C-BCA1-496A-B603-BE5864ADB48F}"
EndProject
Project("{FAE04EC0-301F-11D3-BF4B-00C04F79EFBC}") = "CloudLabs.ASVAL.Finance.Client", "client\CloudLabs.ASVAL.Finance.Client\CloudLabs.ASVAL.Finance.Client.csproj", "{2A636FB8-0A00-4A19-8E7E-8612D613D3DF}"
EndProject
Project("{FAE04EC0-301F-11D3-BF4B-00C04F79EFBC}") = "CloudLabs.ASVAL.Finance.Shared", "src\CloudLabs.ASVAL.Finance.Shared\CloudLabs.ASVAL.Finance.Shared.csproj", "{07FA9301-3ED0-4D18-AA4D-77F222C84E4B}"
EndProject
Global
	GlobalSection(SolutionConfigurationPlatforms) = preSolution
		Debug|Any CPU = Debug|Any CPU
		Release|Any CPU = Release|Any CPU
	EndGlobalSection
	GlobalSection(NestedProjects) = preSolution
		{78438A9C-BCA1-496A-B603-BE5864ADB48F} = {E624EA2E-FA5C-402D-BAF8-41A97F3C5653}
		{2A636FB8-0A00-4A19-8E7E-8612D613D3DF} = {E6F9BF81-6134-4001-9AF3-55B4451C15F7}
		{07FA9301-3ED0-4D18-AA4D-77F222C84E4B} = {E624EA2E-FA5C-402D-BAF8-41A97F3C5653}
	EndGlobalSection
	GlobalSection(ProjectConfigurationPlatforms) = postSolution
		{78438A9C-BCA1-496A-B603-BE5864ADB48F}.Debug|Any CPU.ActiveCfg = Debug|Any CPU
		{78438A9C-BCA1-496A-B603-BE5864ADB48F}.Debug|Any CPU.Build.0 = Debug|Any CPU
		{78438A9C-BCA1-496A-B603-BE5864ADB48F}.Release|Any CPU.ActiveCfg = Release|Any CPU
		{78438A9C-BCA1-496A-B603-BE5864ADB48F}.Release|Any CPU.Build.0 = Release|Any CPU
		{2A636FB8-0A00-4A19-8E7E-8612D613D3DF}.Debug|Any CPU.ActiveCfg = Debug|Any CPU
		{2A636FB8-0A00-4A19-8E7E-8612D613D3DF}.Debug|Any CPU.Build.0 = Debug|Any CPU
		{2A636FB8-0A00-4A19-8E7E-8612D613D3DF}.Release|Any CPU.ActiveCfg = Release|Any CPU
		{2A636FB8-0A00-4A19-8E7E-8612D613D3DF}.Release|Any CPU.Build.0 = Release|Any CPU
		{07FA9301-3ED0-4D18-AA4D-77F222C84E4B}.Debug|Any CPU.ActiveCfg = Debug|Any CPU
		{07FA9301-3ED0-4D18-AA4D-77F222C84E4B}.Debug|Any CPU.Build.0 = Debug|Any CPU
		{07FA9301-3ED0-4D18-AA4D-77F222C84E4B}.Release|Any CPU.ActiveCfg = Release|Any CPU
		{07FA9301-3ED0-4D18-AA4D-77F222C84E4B}.Release|Any CPU.Build.0 = Release|Any CPU
	EndGlobalSection
EndGlobal
